{
    "hash": {
        "algorithms": {
            "md5": "f0d88b013971e75e3bd648d3d9880e12",
            "sha1": "f3b34da6896fb89cc72d6a3de1a7f66c92fc4eb5",
            "sha256": "abcd1234" // Giá trị này không quan trọng, chỉ cần có cấu trúc hợp lệ
        }
    },
    "packages": [],
    "packages-dev": [],
    "minimum-stability": "stable",
    "prefer-stable": true,
    "config": {
        "platform": {
            "php": "8.0.0" // Thay đổi nếu cần
        }
    }
}
